{
  "name": "ai-memory-leak",
  "version": "1.0.0",
  "lockfileVersion": 2,
  "requires": true,
  "packages": {
    "": {
      "name": "ai-memory-leak",
      "version": "1.0.0",
      "license": "ISC",
      "dependencies": {
        "@azure/data-tables": "^13.2.2",
        "applicationinsights": "^2.9.1",
        "dotenv": "^16.4.5"
      }
    },
    "node_modules/@azure/abort-controller": {
      "version": "2.1.2",
      "resolved": "https://pkgs.dev.azure.com/nintex/_packaging/Nintex/npm/registry/@azure/abort-controller/-/abort-controller-2.1.2.tgz",
      "integrity": "sha1-Qv4MyrI4QdmQWBLFjxCC0neEVm0=",
      "license": "MIT",
      "dependencies": {
        "tslib": "^2.6.2"
      },
      "engines": {
        "node": ">=18.0.0"
      }
    },
    "node_modules/@azure/core-auth": {
      "version": "1.7.2",
      "resolved": "https://pkgs.dev.azure.com/nintex/_packaging/Nintex/npm/registry/@azure/core-auth/-/core-auth-1.7.2.tgz",
      "integrity": "sha1-VYt8t90SsAvuwHrl31kH103x69k=",
      "license": "MIT",
      "dependencies": {
        "@azure/abort-controller": "^2.0.0",
        "@azure/core-util": "^1.1.0",
        "tslib": "^2.6.2"
      },
      "engines": {
        "node": ">=18.0.0"
      }
    },
    "node_modules/@azure/core-client": {
      "version": "1.9.2",
      "resolved": "https://pkgs.dev.azure.com/nintex/_packaging/Nintex/npm/registry/@azure/core-client/-/core-client-1.9.2.tgz",
      "integrity": "sha1-b8ac7igWiDq2xc3WU+5PL/l3T3Q=",
      "dependencies": {
        "@azure/abort-controller": "^2.0.0",
        "@azure/core-auth": "^1.4.0",
        "@azure/core-rest-pipeline": "^1.9.1",
        "@azure/core-tracing": "^1.0.0",
        "@azure/core-util": "^1.6.1",
        "@azure/logger": "^1.0.0",
        "tslib": "^2.6.2"
      },
      "engines": {
        "node": ">=18.0.0"
      }
    },
    "node_modules/@azure/core-client/node_modules/@azure/core-util": {
      "version": "1.9.0",
      "resolved": "https://pkgs.dev.azure.com/nintex/_packaging/Nintex/npm/registry/@azure/core-util/-/core-util-1.9.0.tgz",
      "integrity": "sha1-Rpr9fmRS1TiLGJ+Q0z93VrCyENE=",
      "dependencies": {
        "@azure/abort-controller": "^2.0.0",
        "tslib": "^2.6.2"
      },
      "engines": {
        "node": ">=18.0.0"
      }
    },
    "node_modules/@azure/core-paging": {
      "version": "1.6.2",
      "resolved": "https://pkgs.dev.azure.com/nintex/_packaging/Nintex/npm/registry/@azure/core-paging/-/core-paging-1.6.2.tgz",
      "integrity": "sha1-QNOGDcLffykdZjULLP2RcVJkM+c=",
      "dependencies": {
        "tslib": "^2.6.2"
      },
      "engines": {
        "node": ">=18.0.0"
      }
    },
    "node_modules/@azure/core-rest-pipeline": {
      "version": "1.10.1",
      "resolved": "https://pkgs.dev.azure.com/nintex/_packaging/Nintex/npm/registry/@azure/core-rest-pipeline/-/core-rest-pipeline-1.10.1.tgz",
      "integrity": "sha1-NIKQhHyjG57s+c9d51GarM3TCWg=",
      "license": "MIT",
      "dependencies": {
        "@azure/abort-controller": "^1.0.0",
        "@azure/core-auth": "^1.4.0",
        "@azure/core-tracing": "^1.0.1",
        "@azure/core-util": "^1.0.0",
        "@azure/logger": "^1.0.0",
        "form-data": "^4.0.0",
        "http-proxy-agent": "^5.0.0",
        "https-proxy-agent": "^5.0.0",
        "tslib": "^2.2.0",
        "uuid": "^8.3.0"
      },
      "engines": {
        "node": ">=14.0.0"
      }
    },
    "node_modules/@azure/core-rest-pipeline/node_modules/@azure/abort-controller": {
      "version": "1.1.0",
      "resolved": "https://pkgs.dev.azure.com/nintex/_packaging/Nintex/npm/registry/@azure/abort-controller/-/abort-controller-1.1.0.tgz",
      "integrity": "sha1-eI7nhFelWvihrTQqyxgjg9IRkkk=",
      "license": "MIT",
      "dependencies": {
        "tslib": "^2.2.0"
      },
      "engines": {
        "node": ">=12.0.0"
      }
    },
    "node_modules/@azure/core-tracing": {
      "version": "1.1.2",
      "resolved": "https://pkgs.dev.azure.com/nintex/_packaging/Nintex/npm/registry/@azure/core-tracing/-/core-tracing-1.1.2.tgz",
      "integrity": "sha1-Bl2rTgk/thiZmIoc28gn2a2QtO4=",
      "license": "MIT",
      "dependencies": {
        "tslib": "^2.6.2"
      },
      "engines": {
        "node": ">=18.0.0"
      }
    },
    "node_modules/@azure/core-util": {
      "version": "1.2.0",
      "resolved": "https://pkgs.dev.azure.com/nintex/_packaging/Nintex/npm/registry/@azure/core-util/-/core-util-1.2.0.tgz",
      "integrity": "sha1-NJneuh/DbdpvGRK3kYCbbxXUo5I=",
      "license": "MIT",
      "dependencies": {
        "@azure/abort-controller": "^1.0.0",
        "tslib": "^2.2.0"
      },
      "engines": {
        "node": ">=14.0.0"
      }
    },
    "node_modules/@azure/core-util/node_modules/@azure/abort-controller": {
      "version": "1.1.0",
      "resolved": "https://pkgs.dev.azure.com/nintex/_packaging/Nintex/npm/registry/@azure/abort-controller/-/abort-controller-1.1.0.tgz",
      "integrity": "sha1-eI7nhFelWvihrTQqyxgjg9IRkkk=",
      "license": "MIT",
      "dependencies": {
        "tslib": "^2.2.0"
      },
      "engines": {
        "node": ">=12.0.0"
      }
    },
    "node_modules/@azure/core-xml": {
      "version": "1.4.2",
      "resolved": "https://pkgs.dev.azure.com/nintex/_packaging/Nintex/npm/registry/@azure/core-xml/-/core-xml-1.4.2.tgz",
      "integrity": "sha1-nOZelSDrr8ewwfcRVZYoK/x7MvM=",
      "dependencies": {
        "fast-xml-parser": "^4.3.2",
        "tslib": "^2.6.2"
      },
      "engines": {
        "node": ">=18.0.0"
      }
    },
    "node_modules/@azure/data-tables": {
      "version": "13.2.2",
      "resolved": "https://pkgs.dev.azure.com/nintex/_packaging/Nintex/npm/registry/@azure/data-tables/-/data-tables-13.2.2.tgz",
      "integrity": "sha1-mqgpktcxeneez2ZDb/qWuIfY5hY=",
      "dependencies": {
        "@azure/core-auth": "^1.3.0",
        "@azure/core-client": "^1.0.0",
        "@azure/core-paging": "^1.1.1",
        "@azure/core-rest-pipeline": "^1.1.0",
        "@azure/core-tracing": "^1.0.0",
        "@azure/core-xml": "^1.0.0",
        "@azure/logger": "^1.0.0",
        "tslib": "^2.2.0",
        "uuid": "^8.3.0"
      },
      "engines": {
        "node": ">=14.0.0"
      }
    },
    "node_modules/@azure/logger": {
      "version": "1.1.2",
      "resolved": "https://pkgs.dev.azure.com/nintex/_packaging/Nintex/npm/registry/@azure/logger/-/logger-1.1.2.tgz",
      "integrity": "sha1-P0uHbO+tMo3BSv+LhQ1jthHiSdw=",
      "license": "MIT",
      "dependencies": {
        "tslib": "^2.6.2"
      },
      "engines": {
        "node": ">=18.0.0"
      }
    },
    "node_modules/@azure/opentelemetry-instrumentation-azure-sdk": {
      "version": "1.0.0-beta.5",
      "resolved": "https://pkgs.dev.azure.com/nintex/_packaging/Nintex/npm/registry/@azure/opentelemetry-instrumentation-azure-sdk/-/opentelemetry-instrumentation-azure-sdk-1.0.0-beta.5.tgz",
      "integrity": "sha1-eICebABdCEUHAeXTfwh/b84vhus=",
      "license": "MIT",
      "dependencies": {
        "@azure/core-tracing": "^1.0.0",
        "@azure/logger": "^1.0.0",
        "@opentelemetry/api": "^1.4.1",
        "@opentelemetry/core": "^1.15.2",
        "@opentelemetry/instrumentation": "^0.41.2",
        "tslib": "^2.2.0"
      },
      "engines": {
        "node": ">=14.0.0"
      }
    },
    "node_modules/@microsoft/applicationinsights-web-snippet": {
      "version": "1.1.2",
      "resolved": "https://pkgs.dev.azure.com/nintex/_packaging/Nintex/npm/registry/@microsoft/applicationinsights-web-snippet/-/applicationinsights-web-snippet-1.1.2.tgz",
      "integrity": "sha1-r+KxX5WVsr/fQPhloEu7M8CY1J4=",
      "license": "MIT"
    },
    "node_modules/@opentelemetry/api": {
      "version": "1.9.0",
      "resolved": "https://pkgs.dev.azure.com/nintex/_packaging/Nintex/npm/registry/@opentelemetry/api/-/api-1.9.0.tgz",
      "integrity": "sha1-0D66aCc9wPdQnio9XLoh6uEDef4=",
      "license": "Apache-2.0",
      "engines": {
        "node": ">=8.0.0"
      }
    },
    "node_modules/@opentelemetry/core": {
      "version": "1.25.0",
      "resolved": "https://pkgs.dev.azure.com/nintex/_packaging/Nintex/npm/registry/@opentelemetry/core/-/core-1.25.0.tgz",
      "integrity": "sha1-rQNPXCZp9Ym9cDv7uqOLUfhQQFM=",
      "license": "Apache-2.0",
      "dependencies": {
        "@opentelemetry/semantic-conventions": "1.25.0"
      },
      "engines": {
        "node": ">=14"
      },
      "peerDependencies": {
        "@opentelemetry/api": ">=1.0.0 <1.10.0"
      }
    },
    "node_modules/@opentelemetry/instrumentation": {
      "version": "0.41.2",
      "resolved": "https://pkgs.dev.azure.com/nintex/_packaging/Nintex/npm/registry/@opentelemetry/instrumentation/-/instrumentation-0.41.2.tgz",
      "integrity": "sha1-yuEfpkSF3PA9rjMfNbMVtkvGGJ8=",
      "license": "Apache-2.0",
      "dependencies": {
        "@types/shimmer": "^1.0.2",
        "import-in-the-middle": "1.4.2",
        "require-in-the-middle": "^7.1.1",
        "semver": "^7.5.1",
        "shimmer": "^1.2.1"
      },
      "engines": {
        "node": ">=14"
      },
      "peerDependencies": {
        "@opentelemetry/api": "^1.3.0"
      }
    },
    "node_modules/@opentelemetry/resources": {
      "version": "1.25.0",
      "resolved": "https://pkgs.dev.azure.com/nintex/_packaging/Nintex/npm/registry/@opentelemetry/resources/-/resources-1.25.0.tgz",
      "integrity": "sha1-hKHnAJfjQqogR6rJe+EUrRSWZ5M=",
      "license": "Apache-2.0",
      "dependencies": {
        "@opentelemetry/core": "1.25.0",
        "@opentelemetry/semantic-conventions": "1.25.0"
      },
      "engines": {
        "node": ">=14"
      },
      "peerDependencies": {
        "@opentelemetry/api": ">=1.0.0 <1.10.0"
      }
    },
    "node_modules/@opentelemetry/sdk-trace-base": {
      "version": "1.25.0",
      "resolved": "https://pkgs.dev.azure.com/nintex/_packaging/Nintex/npm/registry/@opentelemetry/sdk-trace-base/-/sdk-trace-base-1.25.0.tgz",
      "integrity": "sha1-Jj+c4ZABxc16gU0OtA68ZGmudj0=",
      "license": "Apache-2.0",
      "dependencies": {
        "@opentelemetry/core": "1.25.0",
        "@opentelemetry/resources": "1.25.0",
        "@opentelemetry/semantic-conventions": "1.25.0"
      },
      "engines": {
        "node": ">=14"
      },
      "peerDependencies": {
        "@opentelemetry/api": ">=1.0.0 <1.10.0"
      }
    },
    "node_modules/@opentelemetry/semantic-conventions": {
      "version": "1.25.0",
      "resolved": "https://pkgs.dev.azure.com/nintex/_packaging/Nintex/npm/registry/@opentelemetry/semantic-conventions/-/semantic-conventions-1.25.0.tgz",
      "integrity": "sha1-OQ601CopxmvcMAZq+QNWRem7cnA=",
      "license": "Apache-2.0",
      "engines": {
        "node": ">=14"
      }
    },
    "node_modules/@tootallnate/once": {
      "version": "2.0.0",
      "resolved": "https://pkgs.dev.azure.com/nintex/_packaging/Nintex/npm/registry/@tootallnate/once/-/once-2.0.0.tgz",
      "integrity": "sha1-9UShSNOrNYAcH2M6dEH9h8LkhL8=",
      "license": "MIT",
      "engines": {
        "node": ">= 10"
      }
    },
    "node_modules/@types/shimmer": {
      "version": "1.0.5",
      "resolved": "https://pkgs.dev.azure.com/nintex/_packaging/Nintex/npm/registry/@types/shimmer/-/shimmer-1.0.5.tgz",
      "integrity": "sha1-SR2JhNRRDlUL/rAtUYeR1/WdK4g=",
      "license": "MIT"
    },
    "node_modules/acorn": {
      "version": "8.11.3",
      "resolved": "https://pkgs.dev.azure.com/nintex/_packaging/Nintex/npm/registry/acorn/-/acorn-8.11.3.tgz",
      "integrity": "sha1-ceCxThOk7BYHJLOPt7DyM7G4HXo=",
      "license": "MIT",
      "bin": {
        "acorn": "bin/acorn"
      },
      "engines": {
        "node": ">=0.4.0"
      }
    },
    "node_modules/acorn-import-assertions": {
      "version": "1.9.0",
      "resolved": "https://pkgs.dev.azure.com/nintex/_packaging/Nintex/npm/registry/acorn-import-assertions/-/acorn-import-assertions-1.9.0.tgz",
      "integrity": "sha1-UHJ2JJ1oR5fITgc074SGAzTPsaw=",
      "license": "MIT",
      "peerDependencies": {
        "acorn": "^8"
      }
    },
    "node_modules/agent-base": {
      "version": "6.0.2",
      "resolved": "https://pkgs.dev.azure.com/nintex/_packaging/Nintex/npm/registry/agent-base/-/agent-base-6.0.2.tgz",
      "integrity": "sha1-Sf/1hXfP7j83F2/qtMIuAPhtf3c=",
      "license": "MIT",
      "dependencies": {
        "debug": "4"
      },
      "engines": {
        "node": ">= 6.0.0"
      }
    },
    "node_modules/applicationinsights": {
      "version": "2.9.1",
      "resolved": "https://pkgs.dev.azure.com/nintex/_packaging/Nintex/npm/registry/applicationinsights/-/applicationinsights-2.9.1.tgz",
      "integrity": "sha1-dpQS+AnWoHJIfktBxMOilng0TYI=",
      "license": "MIT",
      "dependencies": {
        "@azure/core-auth": "^1.5.0",
        "@azure/core-rest-pipeline": "1.10.1",
        "@azure/core-util": "1.2.0",
        "@azure/opentelemetry-instrumentation-azure-sdk": "^1.0.0-beta.5",
        "@microsoft/applicationinsights-web-snippet": "^1.0.1",
        "@opentelemetry/api": "^1.4.1",
        "@opentelemetry/core": "^1.15.2",
        "@opentelemetry/sdk-trace-base": "^1.15.2",
        "@opentelemetry/semantic-conventions": "^1.15.2",
        "cls-hooked": "^4.2.2",
        "continuation-local-storage": "^3.2.1",
        "diagnostic-channel": "1.1.1",
        "diagnostic-channel-publishers": "1.0.7"
      },
      "engines": {
        "node": ">=8.0.0"
      },
      "peerDependencies": {
        "applicationinsights-native-metrics": "*"
      },
      "peerDependenciesMeta": {
        "applicationinsights-native-metrics": {
          "optional": true
        }
      }
    },
    "node_modules/async-hook-jl": {
      "version": "1.7.6",
      "resolved": "https://pkgs.dev.azure.com/nintex/_packaging/Nintex/npm/registry/async-hook-jl/-/async-hook-jl-1.7.6.tgz",
      "integrity": "sha1-T9JcL4ZNuvJ5xhDXO/l7GyhZXmg=",
      "license": "MIT",
      "dependencies": {
        "stack-chain": "^1.3.7"
      },
      "engines": {
        "node": "^4.7 || >=6.9 || >=7.3"
      }
    },
    "node_modules/async-listener": {
      "version": "0.6.10",
      "resolved": "https://pkgs.dev.azure.com/nintex/_packaging/Nintex/npm/registry/async-listener/-/async-listener-0.6.10.tgz",
      "integrity": "sha1-p8l6vlcLpgLXgic8DeYKUePhfLw=",
      "license": "BSD-2-Clause",
      "dependencies": {
        "semver": "^5.3.0",
        "shimmer": "^1.1.0"
      },
      "engines": {
        "node": "<=0.11.8 || >0.11.10"
      }
    },
    "node_modules/async-listener/node_modules/semver": {
      "version": "5.7.2",
      "resolved": "https://pkgs.dev.azure.com/nintex/_packaging/Nintex/npm/registry/semver/-/semver-5.7.2.tgz",
      "integrity": "sha1-SNVdtzfDKHzUg14X+hP+rOHEHvg=",
      "license": "ISC",
      "bin": {
        "semver": "bin/semver"
      }
    },
    "node_modules/asynckit": {
      "version": "0.4.0",
      "resolved": "https://pkgs.dev.azure.com/nintex/_packaging/Nintex/npm/registry/asynckit/-/asynckit-0.4.0.tgz",
      "integrity": "sha1-x57Zf380y48robyXkLzDZkdLS3k=",
      "license": "MIT"
    },
    "node_modules/cjs-module-lexer": {
      "version": "1.3.1",
      "resolved": "https://pkgs.dev.azure.com/nintex/_packaging/Nintex/npm/registry/cjs-module-lexer/-/cjs-module-lexer-1.3.1.tgz",
      "integrity": "sha1-xIU0Guj9mZyk7lry16HJrgHgCZw=",
      "license": "MIT"
    },
    "node_modules/cls-hooked": {
      "version": "4.2.2",
      "resolved": "https://pkgs.dev.azure.com/nintex/_packaging/Nintex/npm/registry/cls-hooked/-/cls-hooked-4.2.2.tgz",
      "integrity": "sha1-rS6aQJJoDNr/6y01UdoOIl6uGQg=",
      "license": "BSD-2-Clause",
      "dependencies": {
        "async-hook-jl": "^1.7.6",
        "emitter-listener": "^1.0.1",
        "semver": "^5.4.1"
      },
      "engines": {
        "node": "^4.7 || >=6.9 || >=7.3 || >=8.2.1"
      }
    },
    "node_modules/cls-hooked/node_modules/semver": {
      "version": "5.7.2",
      "resolved": "https://pkgs.dev.azure.com/nintex/_packaging/Nintex/npm/registry/semver/-/semver-5.7.2.tgz",
      "integrity": "sha1-SNVdtzfDKHzUg14X+hP+rOHEHvg=",
      "license": "ISC",
      "bin": {
        "semver": "bin/semver"
      }
    },
    "node_modules/combined-stream": {
      "version": "1.0.8",
      "resolved": "https://pkgs.dev.azure.com/nintex/_packaging/Nintex/npm/registry/combined-stream/-/combined-stream-1.0.8.tgz",
      "integrity": "sha1-w9RaizT9cwYxoRCoolIGgrMdWn8=",
      "license": "MIT",
      "dependencies": {
        "delayed-stream": "~1.0.0"
      },
      "engines": {
        "node": ">= 0.8"
      }
    },
    "node_modules/continuation-local-storage": {
      "version": "3.2.1",
      "resolved": "https://pkgs.dev.azure.com/nintex/_packaging/Nintex/npm/registry/continuation-local-storage/-/continuation-local-storage-3.2.1.tgz",
      "integrity": "sha1-EfYT906RT+mzTJKtLSj+auHbf/s=",
      "license": "BSD-2-Clause",
      "dependencies": {
        "async-listener": "^0.6.0",
        "emitter-listener": "^1.1.1"
      }
    },
    "node_modules/debug": {
      "version": "4.3.5",
      "resolved": "https://pkgs.dev.azure.com/nintex/_packaging/Nintex/npm/registry/debug/-/debug-4.3.5.tgz",
      "integrity": "sha1-6DRE7Ouf7dSh2lbWca4kRqAabh4=",
      "license": "MIT",
      "dependencies": {
        "ms": "2.1.2"
      },
      "engines": {
        "node": ">=6.0"
      },
      "peerDependenciesMeta": {
        "supports-color": {
          "optional": true
        }
      }
    },
    "node_modules/delayed-stream": {
      "version": "1.0.0",
      "resolved": "https://pkgs.dev.azure.com/nintex/_packaging/Nintex/npm/registry/delayed-stream/-/delayed-stream-1.0.0.tgz",
      "integrity": "sha1-3zrhmayt+31ECqrgsp4icrJOxhk=",
      "license": "MIT",
      "engines": {
        "node": ">=0.4.0"
      }
    },
    "node_modules/diagnostic-channel": {
      "version": "1.1.1",
      "resolved": "https://pkgs.dev.azure.com/nintex/_packaging/Nintex/npm/registry/diagnostic-channel/-/diagnostic-channel-1.1.1.tgz",
      "integrity": "sha1-RLYJct6e4FXBYhZTWw6ds/ag79A=",
      "license": "MIT",
      "dependencies": {
        "semver": "^7.5.3"
      }
    },
    "node_modules/diagnostic-channel-publishers": {
      "version": "1.0.7",
      "resolved": "https://pkgs.dev.azure.com/nintex/_packaging/Nintex/npm/registry/diagnostic-channel-publishers/-/diagnostic-channel-publishers-1.0.7.tgz",
      "integrity": "sha1-m3+NXuEpVIGu4ZyCfZF+lv7fLEo=",
      "license": "MIT",
      "peerDependencies": {
        "diagnostic-channel": "*"
      }
    },
    "node_modules/dotenv": {
      "version": "16.4.5",
      "resolved": "https://pkgs.dev.azure.com/nintex/_packaging/Nintex/npm/registry/dotenv/-/dotenv-16.4.5.tgz",
      "integrity": "sha1-zdOztgTLMn4oa0di4TUC9xfLCZ8=",
      "engines": {
        "node": ">=12"
      },
      "funding": {
        "url": "https://dotenvx.com"
      }
    },
    "node_modules/emitter-listener": {
      "version": "1.1.2",
      "resolved": "https://pkgs.dev.azure.com/nintex/_packaging/Nintex/npm/registry/emitter-listener/-/emitter-listener-1.1.2.tgz",
      "integrity": "sha1-VrFA6PaZI3Wz18ssqxzHQy2WMug=",
      "license": "BSD-2-Clause",
      "dependencies": {
        "shimmer": "^1.2.0"
      }
    },
    "node_modules/fast-xml-parser": {
      "version": "4.4.0",
      "resolved": "https://pkgs.dev.azure.com/nintex/_packaging/Nintex/npm/registry/fast-xml-parser/-/fast-xml-parser-4.4.0.tgz",
      "integrity": "sha1-NBzJjecem6nmUaZ/QfF1LRRBpQE=",
      "funding": [
        {
          "type": "github",
          "url": "https://github.com/sponsors/NaturalIntelligence"
        },
        {
          "type": "paypal",
          "url": "https://paypal.me/naturalintelligence"
        }
      ],
      "dependencies": {
        "strnum": "^1.0.5"
      },
      "bin": {
        "fxparser": "src/cli/cli.js"
      }
    },
    "node_modules/form-data": {
      "version": "4.0.0",
      "resolved": "https://pkgs.dev.azure.com/nintex/_packaging/Nintex/npm/registry/form-data/-/form-data-4.0.0.tgz",
      "integrity": "sha1-k5Gdrq82HuUpWEubMWZNwSyfpFI=",
      "license": "MIT",
      "dependencies": {
        "asynckit": "^0.4.0",
        "combined-stream": "^1.0.8",
        "mime-types": "^2.1.12"
      },
      "engines": {
        "node": ">= 6"
      }
    },
    "node_modules/function-bind": {
      "version": "1.1.2",
      "resolved": "https://pkgs.dev.azure.com/nintex/_packaging/Nintex/npm/registry/function-bind/-/function-bind-1.1.2.tgz",
      "integrity": "sha1-LALYZNl/PqbIgwxGTL0Rq26rehw=",
      "license": "MIT",
      "funding": {
        "url": "https://github.com/sponsors/ljharb"
      }
    },
    "node_modules/hasown": {
      "version": "2.0.2",
      "resolved": "https://pkgs.dev.azure.com/nintex/_packaging/Nintex/npm/registry/hasown/-/hasown-2.0.2.tgz",
      "integrity": "sha1-AD6vkb563DcuhOxZ3DclLO24AAM=",
      "license": "MIT",
      "dependencies": {
        "function-bind": "^1.1.2"
      },
      "engines": {
        "node": ">= 0.4"
      }
    },
    "node_modules/http-proxy-agent": {
      "version": "5.0.0",
      "resolved": "https://pkgs.dev.azure.com/nintex/_packaging/Nintex/npm/registry/http-proxy-agent/-/http-proxy-agent-5.0.0.tgz",
      "integrity": "sha1-USmAAgNSDUNPFCvHj/PBcIAPK0M=",
      "license": "MIT",
      "dependencies": {
        "@tootallnate/once": "2",
        "agent-base": "6",
        "debug": "4"
      },
      "engines": {
        "node": ">= 6"
      }
    },
    "node_modules/https-proxy-agent": {
      "version": "5.0.1",
      "resolved": "https://pkgs.dev.azure.com/nintex/_packaging/Nintex/npm/registry/https-proxy-agent/-/https-proxy-agent-5.0.1.tgz",
      "integrity": "sha1-xZ7yJKBP6LdU89sAY6Jeow0ABdY=",
      "license": "MIT",
      "dependencies": {
        "agent-base": "6",
        "debug": "4"
      },
      "engines": {
        "node": ">= 6"
      }
    },
    "node_modules/import-in-the-middle": {
      "version": "1.4.2",
      "resolved": "https://pkgs.dev.azure.com/nintex/_packaging/Nintex/npm/registry/import-in-the-middle/-/import-in-the-middle-1.4.2.tgz",
      "integrity": "sha1-KiZmduNJXnLAS7ql7BR1a6FoORs=",
      "license": "Apache-2.0",
      "dependencies": {
        "acorn": "^8.8.2",
        "acorn-import-assertions": "^1.9.0",
        "cjs-module-lexer": "^1.2.2",
        "module-details-from-path": "^1.0.3"
      }
    },
    "node_modules/is-core-module": {
      "version": "2.13.1",
      "resolved": "https://pkgs.dev.azure.com/nintex/_packaging/Nintex/npm/registry/is-core-module/-/is-core-module-2.13.1.tgz",
      "integrity": "sha1-rQ11Msb+qdoevcgnQtdFJcYnM4Q=",
      "license": "MIT",
      "dependencies": {
        "hasown": "^2.0.0"
      },
      "funding": {
        "url": "https://github.com/sponsors/ljharb"
      }
    },
    "node_modules/mime-db": {
      "version": "1.52.0",
      "resolved": "https://pkgs.dev.azure.com/nintex/_packaging/Nintex/npm/registry/mime-db/-/mime-db-1.52.0.tgz",
      "integrity": "sha1-u6vNwChZ9JhzAchW4zh85exDv3A=",
      "license": "MIT",
      "engines": {
        "node": ">= 0.6"
      }
    },
    "node_modules/mime-types": {
      "version": "2.1.35",
      "resolved": "https://pkgs.dev.azure.com/nintex/_packaging/Nintex/npm/registry/mime-types/-/mime-types-2.1.35.tgz",
      "integrity": "sha1-OBqHG2KnNEUGYK497uRIE/cNlZo=",
      "license": "MIT",
      "dependencies": {
        "mime-db": "1.52.0"
      },
      "engines": {
        "node": ">= 0.6"
      }
    },
    "node_modules/module-details-from-path": {
      "version": "1.0.3",
      "resolved": "https://pkgs.dev.azure.com/nintex/_packaging/Nintex/npm/registry/module-details-from-path/-/module-details-from-path-1.0.3.tgz",
      "integrity": "sha1-EUyUlnPiqKNenTV4hSeqN7Z52is=",
      "license": "MIT"
    },
    "node_modules/ms": {
      "version": "2.1.2",
      "resolved": "https://pkgs.dev.azure.com/nintex/_packaging/Nintex/npm/registry/ms/-/ms-2.1.2.tgz",
      "integrity": "sha1-0J0fNXtEP0kzgqjrPM0YOHKuYAk=",
      "license": "MIT"
    },
    "node_modules/path-parse": {
      "version": "1.0.7",
      "resolved": "https://pkgs.dev.azure.com/nintex/_packaging/Nintex/npm/registry/path-parse/-/path-parse-1.0.7.tgz",
      "integrity": "sha1-+8EUtgykKzDZ2vWFjkvWi77bZzU=",
      "license": "MIT"
    },
    "node_modules/require-in-the-middle": {
      "version": "7.3.0",
      "resolved": "https://pkgs.dev.azure.com/nintex/_packaging/Nintex/npm/registry/require-in-the-middle/-/require-in-the-middle-7.3.0.tgz",
      "integrity": "sha1-zmShCDZH3AezJzs0g1fvrIqZRck=",
      "license": "MIT",
      "dependencies": {
        "debug": "^4.1.1",
        "module-details-from-path": "^1.0.3",
        "resolve": "^1.22.1"
      },
      "engines": {
        "node": ">=8.6.0"
      }
    },
    "node_modules/resolve": {
      "version": "1.22.8",
      "resolved": "https://pkgs.dev.azure.com/nintex/_packaging/Nintex/npm/registry/resolve/-/resolve-1.22.8.tgz",
      "integrity": "sha1-tsh6nyqgbfq1Lj1wrIzeMh+lpI0=",
      "license": "MIT",
      "dependencies": {
        "is-core-module": "^2.13.0",
        "path-parse": "^1.0.7",
        "supports-preserve-symlinks-flag": "^1.0.0"
      },
      "bin": {
        "resolve": "bin/resolve"
      },
      "funding": {
        "url": "https://github.com/sponsors/ljharb"
      }
    },
    "node_modules/semver": {
      "version": "7.6.2",
      "resolved": "https://pkgs.dev.azure.com/nintex/_packaging/Nintex/npm/registry/semver/-/semver-7.6.2.tgz",
      "integrity": "sha1-Hjs0dZ+Jbo8U1hNHMs55iusMbhM=",
      "license": "ISC",
      "bin": {
        "semver": "bin/semver.js"
      },
      "engines": {
        "node": ">=10"
      }
    },
    "node_modules/shimmer": {
      "version": "1.2.1",
      "resolved": "https://pkgs.dev.azure.com/nintex/_packaging/Nintex/npm/registry/shimmer/-/shimmer-1.2.1.tgz",
      "integrity": "sha1-YQhZ994ye1h+/r9QH7QxF/mv8zc=",
      "license": "BSD-2-Clause"
    },
    "node_modules/stack-chain": {
      "version": "1.3.7",
      "resolved": "https://pkgs.dev.azure.com/nintex/_packaging/Nintex/npm/registry/stack-chain/-/stack-chain-1.3.7.tgz",
      "integrity": "sha1-0ZLJ/06moiyUxN1FkXHj8AzqEoU=",
      "license": "MIT"
    },
    "node_modules/strnum": {
      "version": "1.0.5",
      "resolved": "https://pkgs.dev.azure.com/nintex/_packaging/Nintex/npm/registry/strnum/-/strnum-1.0.5.tgz",
      "integrity": "sha1-XE6Cn+Fa1P8NIMPbWsl7c8mwcts="
    },
    "node_modules/supports-preserve-symlinks-flag": {
      "version": "1.0.0",
      "resolved": "https://pkgs.dev.azure.com/nintex/_packaging/Nintex/npm/registry/supports-preserve-symlinks-flag/-/supports-preserve-symlinks-flag-1.0.0.tgz",
      "integrity": "sha1-btpL00SjyUrqN21MwxvHcxEDngk=",
      "license": "MIT",
      "engines": {
        "node": ">= 0.4"
      },
      "funding": {
        "url": "https://github.com/sponsors/ljharb"
      }
    },
    "node_modules/tslib": {
      "version": "2.6.3",
      "resolved": "https://pkgs.dev.azure.com/nintex/_packaging/Nintex/npm/registry/tslib/-/tslib-2.6.3.tgz",
      "integrity": "sha1-BDj4EK16ntzeeiQcPYDbaTyMv+A=",
      "license": "0BSD"
    },
    "node_modules/uuid": {
      "version": "8.3.2",
      "resolved": "https://pkgs.dev.azure.com/nintex/_packaging/Nintex/npm/registry/uuid/-/uuid-8.3.2.tgz",
      "integrity": "sha1-gNW1ztJxu5r2xEXyGhoExgbO++I=",
      "license": "MIT",
      "bin": {
        "uuid": "dist/bin/uuid"
      }
    }
  },
  "dependencies": {
    "@azure/abort-controller": {
      "version": "2.1.2",
      "resolved": "https://pkgs.dev.azure.com/nintex/_packaging/Nintex/npm/registry/@azure/abort-controller/-/abort-controller-2.1.2.tgz",
      "integrity": "sha1-Qv4MyrI4QdmQWBLFjxCC0neEVm0=",
      "requires": {
        "tslib": "^2.6.2"
      }
    },
    "@azure/core-auth": {
      "version": "1.7.2",
      "resolved": "https://pkgs.dev.azure.com/nintex/_packaging/Nintex/npm/registry/@azure/core-auth/-/core-auth-1.7.2.tgz",
      "integrity": "sha1-VYt8t90SsAvuwHrl31kH103x69k=",
      "requires": {
        "@azure/abort-controller": "^2.0.0",
        "@azure/core-util": "^1.1.0",
        "tslib": "^2.6.2"
      }
    },
    "@azure/core-client": {
      "version": "1.9.2",
      "resolved": "https://pkgs.dev.azure.com/nintex/_packaging/Nintex/npm/registry/@azure/core-client/-/core-client-1.9.2.tgz",
      "integrity": "sha1-b8ac7igWiDq2xc3WU+5PL/l3T3Q=",
      "requires": {
        "@azure/abort-controller": "^2.0.0",
        "@azure/core-auth": "^1.4.0",
        "@azure/core-rest-pipeline": "^1.9.1",
        "@azure/core-tracing": "^1.0.0",
        "@azure/core-util": "^1.6.1",
        "@azure/logger": "^1.0.0",
        "tslib": "^2.6.2"
      },
      "dependencies": {
        "@azure/core-util": {
          "version": "1.9.0",
          "resolved": "https://pkgs.dev.azure.com/nintex/_packaging/Nintex/npm/registry/@azure/core-util/-/core-util-1.9.0.tgz",
          "integrity": "sha1-Rpr9fmRS1TiLGJ+Q0z93VrCyENE=",
          "requires": {
            "@azure/abort-controller": "^2.0.0",
            "tslib": "^2.6.2"
          }
        }
      }
    },
    "@azure/core-paging": {
      "version": "1.6.2",
      "resolved": "https://pkgs.dev.azure.com/nintex/_packaging/Nintex/npm/registry/@azure/core-paging/-/core-paging-1.6.2.tgz",
      "integrity": "sha1-QNOGDcLffykdZjULLP2RcVJkM+c=",
      "requires": {
        "tslib": "^2.6.2"
      }
    },
    "@azure/core-rest-pipeline": {
      "version": "1.10.1",
      "resolved": "https://pkgs.dev.azure.com/nintex/_packaging/Nintex/npm/registry/@azure/core-rest-pipeline/-/core-rest-pipeline-1.10.1.tgz",
      "integrity": "sha1-NIKQhHyjG57s+c9d51GarM3TCWg=",
      "requires": {
        "@azure/abort-controller": "^1.0.0",
        "@azure/core-auth": "^1.4.0",
        "@azure/core-tracing": "^1.0.1",
        "@azure/core-util": "^1.0.0",
        "@azure/logger": "^1.0.0",
        "form-data": "^4.0.0",
        "http-proxy-agent": "^5.0.0",
        "https-proxy-agent": "^5.0.0",
        "tslib": "^2.2.0",
        "uuid": "^8.3.0"
      },
      "dependencies": {
        "@azure/abort-controller": {
          "version": "1.1.0",
          "resolved": "https://pkgs.dev.azure.com/nintex/_packaging/Nintex/npm/registry/@azure/abort-controller/-/abort-controller-1.1.0.tgz",
          "integrity": "sha1-eI7nhFelWvihrTQqyxgjg9IRkkk=",
          "requires": {
            "tslib": "^2.2.0"
          }
        }
      }
    },
    "@azure/core-tracing": {
      "version": "1.1.2",
      "resolved": "https://pkgs.dev.azure.com/nintex/_packaging/Nintex/npm/registry/@azure/core-tracing/-/core-tracing-1.1.2.tgz",
      "integrity": "sha1-Bl2rTgk/thiZmIoc28gn2a2QtO4=",
      "requires": {
        "tslib": "^2.6.2"
      }
    },
    "@azure/core-util": {
      "version": "1.2.0",
      "resolved": "https://pkgs.dev.azure.com/nintex/_packaging/Nintex/npm/registry/@azure/core-util/-/core-util-1.2.0.tgz",
      "integrity": "sha1-NJneuh/DbdpvGRK3kYCbbxXUo5I=",
      "requires": {
        "@azure/abort-controller": "^1.0.0",
        "tslib": "^2.2.0"
      },
      "dependencies": {
        "@azure/abort-controller": {
          "version": "1.1.0",
          "resolved": "https://pkgs.dev.azure.com/nintex/_packaging/Nintex/npm/registry/@azure/abort-controller/-/abort-controller-1.1.0.tgz",
          "integrity": "sha1-eI7nhFelWvihrTQqyxgjg9IRkkk=",
          "requires": {
            "tslib": "^2.2.0"
          }
        }
      }
    },
    "@azure/core-xml": {
      "version": "1.4.2",
      "resolved": "https://pkgs.dev.azure.com/nintex/_packaging/Nintex/npm/registry/@azure/core-xml/-/core-xml-1.4.2.tgz",
      "integrity": "sha1-nOZelSDrr8ewwfcRVZYoK/x7MvM=",
      "requires": {
        "fast-xml-parser": "^4.3.2",
        "tslib": "^2.6.2"
      }
    },
    "@azure/data-tables": {
      "version": "13.2.2",
      "resolved": "https://pkgs.dev.azure.com/nintex/_packaging/Nintex/npm/registry/@azure/data-tables/-/data-tables-13.2.2.tgz",
      "integrity": "sha1-mqgpktcxeneez2ZDb/qWuIfY5hY=",
      "requires": {
        "@azure/core-auth": "^1.3.0",
        "@azure/core-client": "^1.0.0",
        "@azure/core-paging": "^1.1.1",
        "@azure/core-rest-pipeline": "^1.1.0",
        "@azure/core-tracing": "^1.0.0",
        "@azure/core-xml": "^1.0.0",
        "@azure/logger": "^1.0.0",
        "tslib": "^2.2.0",
        "uuid": "^8.3.0"
      }
    },
    "@azure/logger": {
      "version": "1.1.2",
      "resolved": "https://pkgs.dev.azure.com/nintex/_packaging/Nintex/npm/registry/@azure/logger/-/logger-1.1.2.tgz",
      "integrity": "sha1-P0uHbO+tMo3BSv+LhQ1jthHiSdw=",
      "requires": {
        "tslib": "^2.6.2"
      }
    },
    "@azure/opentelemetry-instrumentation-azure-sdk": {
      "version": "1.0.0-beta.5",
      "resolved": "https://pkgs.dev.azure.com/nintex/_packaging/Nintex/npm/registry/@azure/opentelemetry-instrumentation-azure-sdk/-/opentelemetry-instrumentation-azure-sdk-1.0.0-beta.5.tgz",
      "integrity": "sha1-eICebABdCEUHAeXTfwh/b84vhus=",
      "requires": {
        "@azure/core-tracing": "^1.0.0",
        "@azure/logger": "^1.0.0",
        "@opentelemetry/api": "^1.4.1",
        "@opentelemetry/core": "^1.15.2",
        "@opentelemetry/instrumentation": "^0.41.2",
        "tslib": "^2.2.0"
      }
    },
    "@microsoft/applicationinsights-web-snippet": {
      "version": "1.1.2",
      "resolved": "https://pkgs.dev.azure.com/nintex/_packaging/Nintex/npm/registry/@microsoft/applicationinsights-web-snippet/-/applicationinsights-web-snippet-1.1.2.tgz",
      "integrity": "sha1-r+KxX5WVsr/fQPhloEu7M8CY1J4="
    },
    "@opentelemetry/api": {
      "version": "1.9.0",
      "resolved": "https://pkgs.dev.azure.com/nintex/_packaging/Nintex/npm/registry/@opentelemetry/api/-/api-1.9.0.tgz",
      "integrity": "sha1-0D66aCc9wPdQnio9XLoh6uEDef4="
    },
    "@opentelemetry/core": {
      "version": "1.25.0",
      "resolved": "https://pkgs.dev.azure.com/nintex/_packaging/Nintex/npm/registry/@opentelemetry/core/-/core-1.25.0.tgz",
      "integrity": "sha1-rQNPXCZp9Ym9cDv7uqOLUfhQQFM=",
      "requires": {
        "@opentelemetry/semantic-conventions": "1.25.0"
      }
    },
    "@opentelemetry/instrumentation": {
      "version": "0.41.2",
      "resolved": "https://pkgs.dev.azure.com/nintex/_packaging/Nintex/npm/registry/@opentelemetry/instrumentation/-/instrumentation-0.41.2.tgz",
      "integrity": "sha1-yuEfpkSF3PA9rjMfNbMVtkvGGJ8=",
      "requires": {
        "@types/shimmer": "^1.0.2",
        "import-in-the-middle": "1.4.2",
        "require-in-the-middle": "^7.1.1",
        "semver": "^7.5.1",
        "shimmer": "^1.2.1"
      }
    },
    "@opentelemetry/resources": {
      "version": "1.25.0",
      "resolved": "https://pkgs.dev.azure.com/nintex/_packaging/Nintex/npm/registry/@opentelemetry/resources/-/resources-1.25.0.tgz",
      "integrity": "sha1-hKHnAJfjQqogR6rJe+EUrRSWZ5M=",
      "requires": {
        "@opentelemetry/core": "1.25.0",
        "@opentelemetry/semantic-conventions": "1.25.0"
      }
    },
    "@opentelemetry/sdk-trace-base": {
      "version": "1.25.0",
      "resolved": "https://pkgs.dev.azure.com/nintex/_packaging/Nintex/npm/registry/@opentelemetry/sdk-trace-base/-/sdk-trace-base-1.25.0.tgz",
      "integrity": "sha1-Jj+c4ZABxc16gU0OtA68ZGmudj0=",
      "requires": {
        "@opentelemetry/core": "1.25.0",
        "@opentelemetry/resources": "1.25.0",
        "@opentelemetry/semantic-conventions": "1.25.0"
      }
    },
    "@opentelemetry/semantic-conventions": {
      "version": "1.25.0",
      "resolved": "https://pkgs.dev.azure.com/nintex/_packaging/Nintex/npm/registry/@opentelemetry/semantic-conventions/-/semantic-conventions-1.25.0.tgz",
      "integrity": "sha1-OQ601CopxmvcMAZq+QNWRem7cnA="
    },
    "@tootallnate/once": {
      "version": "2.0.0",
      "resolved": "https://pkgs.dev.azure.com/nintex/_packaging/Nintex/npm/registry/@tootallnate/once/-/once-2.0.0.tgz",
      "integrity": "sha1-9UShSNOrNYAcH2M6dEH9h8LkhL8="
    },
    "@types/shimmer": {
      "version": "1.0.5",
      "resolved": "https://pkgs.dev.azure.com/nintex/_packaging/Nintex/npm/registry/@types/shimmer/-/shimmer-1.0.5.tgz",
      "integrity": "sha1-SR2JhNRRDlUL/rAtUYeR1/WdK4g="
    },
    "acorn": {
      "version": "8.11.3",
      "resolved": "https://pkgs.dev.azure.com/nintex/_packaging/Nintex/npm/registry/acorn/-/acorn-8.11.3.tgz",
      "integrity": "sha1-ceCxThOk7BYHJLOPt7DyM7G4HXo="
    },
    "acorn-import-assertions": {
      "version": "1.9.0",
      "resolved": "https://pkgs.dev.azure.com/nintex/_packaging/Nintex/npm/registry/acorn-import-assertions/-/acorn-import-assertions-1.9.0.tgz",
      "integrity": "sha1-UHJ2JJ1oR5fITgc074SGAzTPsaw=",
      "requires": {}
    },
    "agent-base": {
      "version": "6.0.2",
      "resolved": "https://pkgs.dev.azure.com/nintex/_packaging/Nintex/npm/registry/agent-base/-/agent-base-6.0.2.tgz",
      "integrity": "sha1-Sf/1hXfP7j83F2/qtMIuAPhtf3c=",
      "requires": {
        "debug": "4"
      }
    },
    "applicationinsights": {
      "version": "2.9.1",
      "resolved": "https://pkgs.dev.azure.com/nintex/_packaging/Nintex/npm/registry/applicationinsights/-/applicationinsights-2.9.1.tgz",
      "integrity": "sha1-dpQS+AnWoHJIfktBxMOilng0TYI=",
      "requires": {
        "@azure/core-auth": "^1.5.0",
        "@azure/core-rest-pipeline": "1.10.1",
        "@azure/core-util": "1.2.0",
        "@azure/opentelemetry-instrumentation-azure-sdk": "^1.0.0-beta.5",
        "@microsoft/applicationinsights-web-snippet": "^1.0.1",
        "@opentelemetry/api": "^1.4.1",
        "@opentelemetry/core": "^1.15.2",
        "@opentelemetry/sdk-trace-base": "^1.15.2",
        "@opentelemetry/semantic-conventions": "^1.15.2",
        "cls-hooked": "^4.2.2",
        "continuation-local-storage": "^3.2.1",
        "diagnostic-channel": "1.1.1",
        "diagnostic-channel-publishers": "1.0.7"
      }
    },
    "async-hook-jl": {
      "version": "1.7.6",
      "resolved": "https://pkgs.dev.azure.com/nintex/_packaging/Nintex/npm/registry/async-hook-jl/-/async-hook-jl-1.7.6.tgz",
      "integrity": "sha1-T9JcL4ZNuvJ5xhDXO/l7GyhZXmg=",
      "requires": {
        "stack-chain": "^1.3.7"
      }
    },
    "async-listener": {
      "version": "0.6.10",
      "resolved": "https://pkgs.dev.azure.com/nintex/_packaging/Nintex/npm/registry/async-listener/-/async-listener-0.6.10.tgz",
      "integrity": "sha1-p8l6vlcLpgLXgic8DeYKUePhfLw=",
      "requires": {
        "semver": "^5.3.0",
        "shimmer": "^1.1.0"
      },
      "dependencies": {
        "semver": {
          "version": "5.7.2",
          "resolved": "https://pkgs.dev.azure.com/nintex/_packaging/Nintex/npm/registry/semver/-/semver-5.7.2.tgz",
          "integrity": "sha1-SNVdtzfDKHzUg14X+hP+rOHEHvg="
        }
      }
    },
    "asynckit": {
      "version": "0.4.0",
      "resolved": "https://pkgs.dev.azure.com/nintex/_packaging/Nintex/npm/registry/asynckit/-/asynckit-0.4.0.tgz",
      "integrity": "sha1-x57Zf380y48robyXkLzDZkdLS3k="
    },
    "cjs-module-lexer": {
      "version": "1.3.1",
      "resolved": "https://pkgs.dev.azure.com/nintex/_packaging/Nintex/npm/registry/cjs-module-lexer/-/cjs-module-lexer-1.3.1.tgz",
      "integrity": "sha1-xIU0Guj9mZyk7lry16HJrgHgCZw="
    },
    "cls-hooked": {
      "version": "4.2.2",
      "resolved": "https://pkgs.dev.azure.com/nintex/_packaging/Nintex/npm/registry/cls-hooked/-/cls-hooked-4.2.2.tgz",
      "integrity": "sha1-rS6aQJJoDNr/6y01UdoOIl6uGQg=",
      "requires": {
        "async-hook-jl": "^1.7.6",
        "emitter-listener": "^1.0.1",
        "semver": "^5.4.1"
      },
      "dependencies": {
        "semver": {
          "version": "5.7.2",
          "resolved": "https://pkgs.dev.azure.com/nintex/_packaging/Nintex/npm/registry/semver/-/semver-5.7.2.tgz",
          "integrity": "sha1-SNVdtzfDKHzUg14X+hP+rOHEHvg="
        }
      }
    },
    "combined-stream": {
      "version": "1.0.8",
      "resolved": "https://pkgs.dev.azure.com/nintex/_packaging/Nintex/npm/registry/combined-stream/-/combined-stream-1.0.8.tgz",
      "integrity": "sha1-w9RaizT9cwYxoRCoolIGgrMdWn8=",
      "requires": {
        "delayed-stream": "~1.0.0"
      }
    },
    "continuation-local-storage": {
      "version": "3.2.1",
      "resolved": "https://pkgs.dev.azure.com/nintex/_packaging/Nintex/npm/registry/continuation-local-storage/-/continuation-local-storage-3.2.1.tgz",
      "integrity": "sha1-EfYT906RT+mzTJKtLSj+auHbf/s=",
      "requires": {
        "async-listener": "^0.6.0",
        "emitter-listener": "^1.1.1"
      }
    },
    "debug": {
      "version": "4.3.5",
      "resolved": "https://pkgs.dev.azure.com/nintex/_packaging/Nintex/npm/registry/debug/-/debug-4.3.5.tgz",
      "integrity": "sha1-6DRE7Ouf7dSh2lbWca4kRqAabh4=",
      "requires": {
        "ms": "2.1.2"
      }
    },
    "delayed-stream": {
      "version": "1.0.0",
      "resolved": "https://pkgs.dev.azure.com/nintex/_packaging/Nintex/npm/registry/delayed-stream/-/delayed-stream-1.0.0.tgz",
      "integrity": "sha1-3zrhmayt+31ECqrgsp4icrJOxhk="
    },
    "diagnostic-channel": {
      "version": "1.1.1",
      "resolved": "https://pkgs.dev.azure.com/nintex/_packaging/Nintex/npm/registry/diagnostic-channel/-/diagnostic-channel-1.1.1.tgz",
      "integrity": "sha1-RLYJct6e4FXBYhZTWw6ds/ag79A=",
      "requires": {
        "semver": "^7.5.3"
      }
    },
    "diagnostic-channel-publishers": {
      "version": "1.0.7",
      "resolved": "https://pkgs.dev.azure.com/nintex/_packaging/Nintex/npm/registry/diagnostic-channel-publishers/-/diagnostic-channel-publishers-1.0.7.tgz",
      "integrity": "sha1-m3+NXuEpVIGu4ZyCfZF+lv7fLEo=",
      "requires": {}
    },
    "dotenv": {
      "version": "16.4.5",
      "resolved": "https://pkgs.dev.azure.com/nintex/_packaging/Nintex/npm/registry/dotenv/-/dotenv-16.4.5.tgz",
      "integrity": "sha1-zdOztgTLMn4oa0di4TUC9xfLCZ8="
    },
    "emitter-listener": {
      "version": "1.1.2",
      "resolved": "https://pkgs.dev.azure.com/nintex/_packaging/Nintex/npm/registry/emitter-listener/-/emitter-listener-1.1.2.tgz",
      "integrity": "sha1-VrFA6PaZI3Wz18ssqxzHQy2WMug=",
      "requires": {
        "shimmer": "^1.2.0"
      }
    },
    "fast-xml-parser": {
      "version": "4.4.0",
      "resolved": "https://pkgs.dev.azure.com/nintex/_packaging/Nintex/npm/registry/fast-xml-parser/-/fast-xml-parser-4.4.0.tgz",
      "integrity": "sha1-NBzJjecem6nmUaZ/QfF1LRRBpQE=",
      "requires": {
        "strnum": "^1.0.5"
      }
    },
    "form-data": {
      "version": "4.0.0",
      "resolved": "https://pkgs.dev.azure.com/nintex/_packaging/Nintex/npm/registry/form-data/-/form-data-4.0.0.tgz",
      "integrity": "sha1-k5Gdrq82HuUpWEubMWZNwSyfpFI=",
      "requires": {
        "asynckit": "^0.4.0",
        "combined-stream": "^1.0.8",
        "mime-types": "^2.1.12"
      }
    },
    "function-bind": {
      "version": "1.1.2",
      "resolved": "https://pkgs.dev.azure.com/nintex/_packaging/Nintex/npm/registry/function-bind/-/function-bind-1.1.2.tgz",
      "integrity": "sha1-LALYZNl/PqbIgwxGTL0Rq26rehw="
    },
    "hasown": {
      "version": "2.0.2",
      "resolved": "https://pkgs.dev.azure.com/nintex/_packaging/Nintex/npm/registry/hasown/-/hasown-2.0.2.tgz",
      "integrity": "sha1-AD6vkb563DcuhOxZ3DclLO24AAM=",
      "requires": {
        "function-bind": "^1.1.2"
      }
    },
    "http-proxy-agent": {
      "version": "5.0.0",
      "resolved": "https://pkgs.dev.azure.com/nintex/_packaging/Nintex/npm/registry/http-proxy-agent/-/http-proxy-agent-5.0.0.tgz",
      "integrity": "sha1-USmAAgNSDUNPFCvHj/PBcIAPK0M=",
      "requires": {
        "@tootallnate/once": "2",
        "agent-base": "6",
        "debug": "4"
      }
    },
    "https-proxy-agent": {
      "version": "5.0.1",
      "resolved": "https://pkgs.dev.azure.com/nintex/_packaging/Nintex/npm/registry/https-proxy-agent/-/https-proxy-agent-5.0.1.tgz",
      "integrity": "sha1-xZ7yJKBP6LdU89sAY6Jeow0ABdY=",
      "requires": {
        "agent-base": "6",
        "debug": "4"
      }
    },
    "import-in-the-middle": {
      "version": "1.4.2",
      "resolved": "https://pkgs.dev.azure.com/nintex/_packaging/Nintex/npm/registry/import-in-the-middle/-/import-in-the-middle-1.4.2.tgz",
      "integrity": "sha1-KiZmduNJXnLAS7ql7BR1a6FoORs=",
      "requires": {
        "acorn": "^8.8.2",
        "acorn-import-assertions": "^1.9.0",
        "cjs-module-lexer": "^1.2.2",
        "module-details-from-path": "^1.0.3"
      }
    },
    "is-core-module": {
      "version": "2.13.1",
      "resolved": "https://pkgs.dev.azure.com/nintex/_packaging/Nintex/npm/registry/is-core-module/-/is-core-module-2.13.1.tgz",
      "integrity": "sha1-rQ11Msb+qdoevcgnQtdFJcYnM4Q=",
      "requires": {
        "hasown": "^2.0.0"
      }
    },
    "mime-db": {
      "version": "1.52.0",
      "resolved": "https://pkgs.dev.azure.com/nintex/_packaging/Nintex/npm/registry/mime-db/-/mime-db-1.52.0.tgz",
      "integrity": "sha1-u6vNwChZ9JhzAchW4zh85exDv3A="
    },
    "mime-types": {
      "version": "2.1.35",
      "resolved": "https://pkgs.dev.azure.com/nintex/_packaging/Nintex/npm/registry/mime-types/-/mime-types-2.1.35.tgz",
      "integrity": "sha1-OBqHG2KnNEUGYK497uRIE/cNlZo=",
      "requires": {
        "mime-db": "1.52.0"
      }
    },
    "module-details-from-path": {
      "version": "1.0.3",
      "resolved": "https://pkgs.dev.azure.com/nintex/_packaging/Nintex/npm/registry/module-details-from-path/-/module-details-from-path-1.0.3.tgz",
      "integrity": "sha1-EUyUlnPiqKNenTV4hSeqN7Z52is="
    },
    "ms": {
      "version": "2.1.2",
      "resolved": "https://pkgs.dev.azure.com/nintex/_packaging/Nintex/npm/registry/ms/-/ms-2.1.2.tgz",
      "integrity": "sha1-0J0fNXtEP0kzgqjrPM0YOHKuYAk="
    },
    "path-parse": {
      "version": "1.0.7",
      "resolved": "https://pkgs.dev.azure.com/nintex/_packaging/Nintex/npm/registry/path-parse/-/path-parse-1.0.7.tgz",
      "integrity": "sha1-+8EUtgykKzDZ2vWFjkvWi77bZzU="
    },
    "require-in-the-middle": {
      "version": "7.3.0",
      "resolved": "https://pkgs.dev.azure.com/nintex/_packaging/Nintex/npm/registry/require-in-the-middle/-/require-in-the-middle-7.3.0.tgz",
      "integrity": "sha1-zmShCDZH3AezJzs0g1fvrIqZRck=",
      "requires": {
        "debug": "^4.1.1",
        "module-details-from-path": "^1.0.3",
        "resolve": "^1.22.1"
      }
    },
    "resolve": {
      "version": "1.22.8",
      "resolved": "https://pkgs.dev.azure.com/nintex/_packaging/Nintex/npm/registry/resolve/-/resolve-1.22.8.tgz",
      "integrity": "sha1-tsh6nyqgbfq1Lj1wrIzeMh+lpI0=",
      "requires": {
        "is-core-module": "^2.13.0",
        "path-parse": "^1.0.7",
        "supports-preserve-symlinks-flag": "^1.0.0"
      }
    },
    "semver": {
      "version": "7.6.2",
      "resolved": "https://pkgs.dev.azure.com/nintex/_packaging/Nintex/npm/registry/semver/-/semver-7.6.2.tgz",
      "integrity": "sha1-Hjs0dZ+Jbo8U1hNHMs55iusMbhM="
    },
    "shimmer": {
      "version": "1.2.1",
      "resolved": "https://pkgs.dev.azure.com/nintex/_packaging/Nintex/npm/registry/shimmer/-/shimmer-1.2.1.tgz",
      "integrity": "sha1-YQhZ994ye1h+/r9QH7QxF/mv8zc="
    },
    "stack-chain": {
      "version": "1.3.7",
      "resolved": "https://pkgs.dev.azure.com/nintex/_packaging/Nintex/npm/registry/stack-chain/-/stack-chain-1.3.7.tgz",
      "integrity": "sha1-0ZLJ/06moiyUxN1FkXHj8AzqEoU="
    },
    "strnum": {
      "version": "1.0.5",
      "resolved": "https://pkgs.dev.azure.com/nintex/_packaging/Nintex/npm/registry/strnum/-/strnum-1.0.5.tgz",
      "integrity": "sha1-XE6Cn+Fa1P8NIMPbWsl7c8mwcts="
    },
    "supports-preserve-symlinks-flag": {
      "version": "1.0.0",
      "resolved": "https://pkgs.dev.azure.com/nintex/_packaging/Nintex/npm/registry/supports-preserve-symlinks-flag/-/supports-preserve-symlinks-flag-1.0.0.tgz",
      "integrity": "sha1-btpL00SjyUrqN21MwxvHcxEDngk="
    },
    "tslib": {
      "version": "2.6.3",
      "resolved": "https://pkgs.dev.azure.com/nintex/_packaging/Nintex/npm/registry/tslib/-/tslib-2.6.3.tgz",
      "integrity": "sha1-BDj4EK16ntzeeiQcPYDbaTyMv+A="
    },
    "uuid": {
      "version": "8.3.2",
      "resolved": "https://pkgs.dev.azure.com/nintex/_packaging/Nintex/npm/registry/uuid/-/uuid-8.3.2.tgz",
      "integrity": "sha1-gNW1ztJxu5r2xEXyGhoExgbO++I="
    }
  }
}
